// !$*UTF8*$!
{
	archiveVersion = 1;
	classes = {
	};
	objectVersion = 48;
	objects = {

/* Begin PBXBuildFile section */
		031A677622003857000C170B /* ContentViewController.swift in Sources */ = {isa = PBXBuildFile; fileRef = 031A677522003857000C170B /* ContentViewController.swift */; };
		031A677B22004085000C170B /* ContentTableViewCell.swift in Sources */ = {isa = PBXBuildFile; fileRef = 031A677A22004085000C170B /* ContentTableViewCell.swift */; };
		031A677D22004961000C170B /* ContentCollectionViewCell.swift in Sources */ = {isa = PBXBuildFile; fileRef = 031A677C22004961000C170B /* ContentCollectionViewCell.swift */; };
		031A678022005EEF000C170B /* SLiderMenuViewController.swift in Sources */ = {isa = PBXBuildFile; fileRef = 031A677F22005EEF000C170B /* SLiderMenuViewController.swift */; };
		0333FDEE2216C4B10072526B /* Default.swift in Sources */ = {isa = PBXBuildFile; fileRef = 0333FDED2216C4B10072526B /* Default.swift */; };
		03385214221A490D00214AB2 /* Center.swift in Sources */ = {isa = PBXBuildFile; fileRef = 03385213221A490C00214AB2 /* Center.swift */; };
		0338521A221A501F00214AB2 /* MyTabBar.swift in Sources */ = {isa = PBXBuildFile; fileRef = 03385219221A501F00214AB2 /* MyTabBar.swift */; };
		2717BB1921FE1B38008EE07B /* Main.swift in Sources */ = {isa = PBXBuildFile; fileRef = 2717BB1821FE1B38008EE07B /* Main.swift */; };
		2717BB1B21FE1C81008EE07B /* scView.swift in Sources */ = {isa = PBXBuildFile; fileRef = 2717BB1A21FE1C81008EE07B /* scView.swift */; };
		2717BB1D21FE1C8A008EE07B /* TableViewCell.swift in Sources */ = {isa = PBXBuildFile; fileRef = 2717BB1C21FE1C8A008EE07B /* TableViewCell.swift */; };
		2742890F21F22C6A002F9BDD /* AppDelegate.swift in Sources */ = {isa = PBXBuildFile; fileRef = 2742890E21F22C6A002F9BDD /* AppDelegate.swift */; };
		2742891621F22C6A002F9BDD /* Assets.xcassets in Resources */ = {isa = PBXBuildFile; fileRef = 2742891521F22C6A002F9BDD /* Assets.xcassets */; };
		2742891921F22C6A002F9BDD /* LaunchScreen.storyboard in Resources */ = {isa = PBXBuildFile; fileRef = 2742891721F22C6A002F9BDD /* LaunchScreen.storyboard */; };
		2742892121F22D68002F9BDD /* TabBarViewController.swift in Sources */ = {isa = PBXBuildFile; fileRef = 2742892021F22D68002F9BDD /* TabBarViewController.swift */; };
		2742892421F23053002F9BDD /* NavViewController.swift in Sources */ = {isa = PBXBuildFile; fileRef = 2742892321F23053002F9BDD /* NavViewController.swift */; };
		2742892A21F231E4002F9BDD /* Match.swift in Sources */ = {isa = PBXBuildFile; fileRef = 2742892921F231E4002F9BDD /* Match.swift */; };
		2742892D21F231FF002F9BDD /* Quanzi.swift in Sources */ = {isa = PBXBuildFile; fileRef = 2742892C21F231FF002F9BDD /* Quanzi.swift */; };
		2742893021F2321D002F9BDD /* DataViewController.swift in Sources */ = {isa = PBXBuildFile; fileRef = 2742892F21F2321D002F9BDD /* DataViewController.swift */; };
		2742893521F239E3002F9BDD /* BaseViewController.swift in Sources */ = {isa = PBXBuildFile; fileRef = 2742893421F239E3002F9BDD /* BaseViewController.swift */; };
		27AB0AA922CA7F3F004F216B /* default_theme.plist in Resources */ = {isa = PBXBuildFile; fileRef = 27AB0AA822CA7F3F004F216B /* default_theme.plist */; };
		27AB0AAB22CA7F51004F216B /* night_theme.plist in Resources */ = {isa = PBXBuildFile; fileRef = 27AB0AAA22CA7F51004F216B /* night_theme.plist */; };
		27EF2B36F86CCCF273C32E92 /* Pods_Dongqiu.framework in Frameworks */ = {isa = PBXBuildFile; fileRef = D17687DE4A0AD366CCBE65FA /* Pods_Dongqiu.framework */; };
/* End PBXBuildFile section */

/* Begin PBXFileReference section */
		031A677522003857000C170B /* ContentViewController.swift */ = {isa = PBXFileReference; lastKnownFileType = sourcecode.swift; path = ContentViewController.swift; sourceTree = "<group>"; };
		031A677A22004085000C170B /* ContentTableViewCell.swift */ = {isa = PBXFileReference; lastKnownFileType = sourcecode.swift; path = ContentTableViewCell.swift; sourceTree = "<group>"; };
		031A677C22004961000C170B /* ContentCollectionViewCell.swift */ = {isa = PBXFileReference; lastKnownFileType = sourcecode.swift; path = ContentCollectionViewCell.swift; sourceTree = "<group>"; };
		031A677F22005EEF000C170B /* SLiderMenuViewController.swift */ = {isa = PBXFileReference; lastKnownFileType = sourcecode.swift; path = SLiderMenuViewController.swift; sourceTree = "<group>"; };
		0333FDED2216C4B10072526B /* Default.swift */ = {isa = PBXFileReference; lastKnownFileType = sourcecode.swift; path = Default.swift; sourceTree = "<group>"; };
		03385213221A490C00214AB2 /* Center.swift */ = {isa = PBXFileReference; fileEncoding = 4; lastKnownFileType = sourcecode.swift; path = Center.swift; sourceTree = "<group>"; };
		03385219221A501F00214AB2 /* MyTabBar.swift */ = {isa = PBXFileReference; lastKnownFileType = sourcecode.swift; path = MyTabBar.swift; sourceTree = "<group>"; };
		2717BB1821FE1B38008EE07B /* Main.swift */ = {isa = PBXFileReference; lastKnownFileType = sourcecode.swift; path = Main.swift; sourceTree = "<group>"; };
		2717BB1A21FE1C81008EE07B /* scView.swift */ = {isa = PBXFileReference; fileEncoding = 4; lastKnownFileType = sourcecode.swift; path = scView.swift; sourceTree = "<group>"; };
		2717BB1C21FE1C8A008EE07B /* TableViewCell.swift */ = {isa = PBXFileReference; fileEncoding = 4; lastKnownFileType = sourcecode.swift; path = TableViewCell.swift; sourceTree = "<group>"; };
		2742890B21F22C6A002F9BDD /* Dongqiu.app */ = {isa = PBXFileReference; explicitFileType = wrapper.application; includeInIndex = 0; path = Dongqiu.app; sourceTree = BUILT_PRODUCTS_DIR; };
		2742890E21F22C6A002F9BDD /* AppDelegate.swift */ = {isa = PBXFileReference; lastKnownFileType = sourcecode.swift; path = AppDelegate.swift; sourceTree = "<group>"; };
		2742891521F22C6A002F9BDD /* Assets.xcassets */ = {isa = PBXFileReference; lastKnownFileType = folder.assetcatalog; path = Assets.xcassets; sourceTree = "<group>"; };
		2742891821F22C6A002F9BDD /* Base */ = {isa = PBXFileReference; lastKnownFileType = file.storyboard; name = Base; path = Base.lproj/LaunchScreen.storyboard; sourceTree = "<group>"; };
		2742891A21F22C6A002F9BDD /* Info.plist */ = {isa = PBXFileReference; lastKnownFileType = text.plist.xml; path = Info.plist; sourceTree = "<group>"; };
		2742892021F22D68002F9BDD /* TabBarViewController.swift */ = {isa = PBXFileReference; lastKnownFileType = sourcecode.swift; path = TabBarViewController.swift; sourceTree = "<group>"; };
		2742892321F23053002F9BDD /* NavViewController.swift */ = {isa = PBXFileReference; lastKnownFileType = sourcecode.swift; path = NavViewController.swift; sourceTree = "<group>"; };
		2742892921F231E4002F9BDD /* Match.swift */ = {isa = PBXFileReference; lastKnownFileType = sourcecode.swift; path = Match.swift; sourceTree = "<group>"; };
		2742892C21F231FF002F9BDD /* Quanzi.swift */ = {isa = PBXFileReference; lastKnownFileType = sourcecode.swift; path = Quanzi.swift; sourceTree = "<group>"; };
		2742892F21F2321D002F9BDD /* DataViewController.swift */ = {isa = PBXFileReference; lastKnownFileType = sourcecode.swift; path = DataViewController.swift; sourceTree = "<group>"; };
		2742893421F239E3002F9BDD /* BaseViewController.swift */ = {isa = PBXFileReference; lastKnownFileType = sourcecode.swift; path = BaseViewController.swift; sourceTree = "<group>"; };
		27AB0AA822CA7F3F004F216B /* default_theme.plist */ = {isa = PBXFileReference; lastKnownFileType = text.plist.xml; path = default_theme.plist; sourceTree = "<group>"; };
		27AB0AAA22CA7F51004F216B /* night_theme.plist */ = {isa = PBXFileReference; lastKnownFileType = text.plist.xml; path = night_theme.plist; sourceTree = "<group>"; };
		4CBFC3099EB58A2713C89581 /* Pods-Dongqiu.debug.xcconfig */ = {isa = PBXFileReference; includeInIndex = 1; lastKnownFileType = text.xcconfig; name = "Pods-Dongqiu.debug.xcconfig"; path = "Pods/Target Support Files/Pods-Dongqiu/Pods-Dongqiu.debug.xcconfig"; sourceTree = "<group>"; };
		A1FB0F31F5E58A4ED87884AA /* Pods-Dongqiu.release.xcconfig */ = {isa = PBXFileReference; includeInIndex = 1; lastKnownFileType = text.xcconfig; name = "Pods-Dongqiu.release.xcconfig"; path = "Pods/Target Support Files/Pods-Dongqiu/Pods-Dongqiu.release.xcconfig"; sourceTree = "<group>"; };
		D17687DE4A0AD366CCBE65FA /* Pods_Dongqiu.framework */ = {isa = PBXFileReference; explicitFileType = wrapper.framework; includeInIndex = 0; path = Pods_Dongqiu.framework; sourceTree = BUILT_PRODUCTS_DIR; };
/* End PBXFileReference section */

/* Begin PBXFrameworksBuildPhase section */
		2742890821F22C6A002F9BDD /* Frameworks */ = {
			isa = PBXFrameworksBuildPhase;
			buildActionMask = 2147483647;
			files = (
				27EF2B36F86CCCF273C32E92 /* Pods_Dongqiu.framework in Frameworks */,
			);
			runOnlyForDeploymentPostprocessing = 0;
		};
/* End PBXFrameworksBuildPhase section */

/* Begin PBXGroup section */
		031A677422003810000C170B /* 主界面 */ = {
			isa = PBXGroup;
			children = (
				2717BB1A21FE1C81008EE07B /* scView.swift */,
				2717BB1C21FE1C8A008EE07B /* TableViewCell.swift */,
				2717BB1821FE1B38008EE07B /* Main.swift */,
			);
			path = "主界面";
			sourceTree = "<group>";
		};
		031A677722003860000C170B /* 副界面 */ = {
			isa = PBXGroup;
			children = (
				27B02EF922CBC67500B7CC17 /* Controller */,
				27B02EF822CBC66E00B7CC17 /* View */,
				27B02EF722CBC66800B7CC17 /* Model */,
				031A677522003857000C170B /* ContentViewController.swift */,
			);
			path = "副界面";
			sourceTree = "<group>";
		};
		031A677E22005EBD000C170B /* 中间界面 */ = {
			isa = PBXGroup;
			children = (
				031A677F22005EEF000C170B /* SLiderMenuViewController.swift */,
			);
			path = "中间界面";
			sourceTree = "<group>";
		};
		03385215221A4E7B00214AB2 /* Other */ = {
			isa = PBXGroup;
			children = (
				27AB0AAC22CA7F56004F216B /* Theme */,
				2742890E21F22C6A002F9BDD /* AppDelegate.swift */,
				0333FDED2216C4B10072526B /* Default.swift */,
				2742891A21F22C6A002F9BDD /* Info.plist */,
			);
			path = Other;
			sourceTree = "<group>";
		};
		03385216221A4EA500214AB2 /* Model */ = {
			isa = PBXGroup;
			children = (
			);
			path = Model;
			sourceTree = "<group>";
		};
		03385217221A4EB000214AB2 /* View */ = {
			isa = PBXGroup;
			children = (
				03385219221A501F00214AB2 /* MyTabBar.swift */,
			);
			path = View;
			sourceTree = "<group>";
		};
		03385218221A4EB500214AB2 /* Controller */ = {
			isa = PBXGroup;
			children = (
				2742892021F22D68002F9BDD /* TabBarViewController.swift */,
				2742892321F23053002F9BDD /* NavViewController.swift */,
				2742893421F239E3002F9BDD /* BaseViewController.swift */,
			);
			path = Controller;
			sourceTree = "<group>";
		};
		2742890221F22C69002F9BDD = {
			isa = PBXGroup;
			children = (
				2742890D21F22C6A002F9BDD /* Dongqiu */,
				2742890C21F22C6A002F9BDD /* Products */,
				5343838C02A3021BB40B5B3B /* Pods */,
				807C463D4BA0648295FCECCE /* Frameworks */,
			);
			sourceTree = "<group>";
		};
		2742890C21F22C6A002F9BDD /* Products */ = {
			isa = PBXGroup;
			children = (
				2742890B21F22C6A002F9BDD /* Dongqiu.app */,
			);
			name = Products;
			sourceTree = "<group>";
		};
		2742890D21F22C6A002F9BDD /* Dongqiu */ = {
			isa = PBXGroup;
			children = (
				03385215221A4E7B00214AB2 /* Other */,
				2742893121F237F8002F9BDD /* Center */,
				2742892E21F2320C002F9BDD /* 数据 */,
				2742892B21F231EE002F9BDD /* 圈子 */,
				2742892821F231CE002F9BDD /* 比赛 */,
				2742892521F23182002F9BDD /* 首页 */,
				2742892221F23034002F9BDD /* Core */,
				2742891521F22C6A002F9BDD /* Assets.xcassets */,
				2742891721F22C6A002F9BDD /* LaunchScreen.storyboard */,
			);
			path = Dongqiu;
			sourceTree = "<group>";
		};
		2742892221F23034002F9BDD /* Core */ = {
			isa = PBXGroup;
			children = (
				03385218221A4EB500214AB2 /* Controller */,
				03385217221A4EB000214AB2 /* View */,
				03385216221A4EA500214AB2 /* Model */,
			);
			path = Core;
			sourceTree = "<group>";
		};
		2742892521F23182002F9BDD /* 首页 */ = {
			isa = PBXGroup;
			children = (
				031A677E22005EBD000C170B /* 中间界面 */,
				031A677422003810000C170B /* 主界面 */,
				031A677722003860000C170B /* 副界面 */,
			);
			path = "首页";
			sourceTree = "<group>";
		};
		2742892821F231CE002F9BDD /* 比赛 */ = {
			isa = PBXGroup;
			children = (
				2742892921F231E4002F9BDD /* Match.swift */,
			);
			path = "比赛";
			sourceTree = "<group>";
		};
		2742892B21F231EE002F9BDD /* 圈子 */ = {
			isa = PBXGroup;
			children = (
				2742892C21F231FF002F9BDD /* Quanzi.swift */,
			);
			path = "圈子";
			sourceTree = "<group>";
		};
		2742892E21F2320C002F9BDD /* 数据 */ = {
			isa = PBXGroup;
			children = (
				2742892F21F2321D002F9BDD /* DataViewController.swift */,
			);
			path = "数据";
			sourceTree = "<group>";
		};
		2742893121F237F8002F9BDD /* Center */ = {
			isa = PBXGroup;
			children = (
				03385213221A490C00214AB2 /* Center.swift */,
			);
			path = Center;
			sourceTree = "<group>";
		};
		27AB0AAC22CA7F56004F216B /* Theme */ = {
			isa = PBXGroup;
			children = (
				27AB0AA822CA7F3F004F216B /* default_theme.plist */,
				27AB0AAA22CA7F51004F216B /* night_theme.plist */,
			);
			path = Theme;
			sourceTree = "<group>";
		};
		27B02EF722CBC66800B7CC17 /* Model */ = {
			isa = PBXGroup;
			children = (
			);
			path = Model;
			sourceTree = "<group>";
		};
		27B02EF822CBC66E00B7CC17 /* View */ = {
			isa = PBXGroup;
			children = (
				031A677A22004085000C170B /* ContentTableViewCell.swift */,
				031A677C22004961000C170B /* ContentCollectionViewCell.swift */,
			);
			path = View;
			sourceTree = "<group>";
		};
		27B02EF922CBC67500B7CC17 /* Controller */ = {
			isa = PBXGroup;
			children = (
			);
			path = Controller;
			sourceTree = "<group>";
		};
		5343838C02A3021BB40B5B3B /* Pods */ = {
			isa = PBXGroup;
			children = (
				4CBFC3099EB58A2713C89581 /* Pods-Dongqiu.debug.xcconfig */,
				A1FB0F31F5E58A4ED87884AA /* Pods-Dongqiu.release.xcconfig */,
			);
			name = Pods;
			sourceTree = "<group>";
		};
		807C463D4BA0648295FCECCE /* Frameworks */ = {
			isa = PBXGroup;
			children = (
				D17687DE4A0AD366CCBE65FA /* Pods_Dongqiu.framework */,
			);
			name = Frameworks;
			sourceTree = "<group>";
		};
/* End PBXGroup section */

/* Begin PBXNativeTarget section */
		2742890A21F22C6A002F9BDD /* Dongqiu */ = {
			isa = PBXNativeTarget;
			buildConfigurationList = 2742891D21F22C6A002F9BDD /* Build configuration list for PBXNativeTarget "Dongqiu" */;
			buildPhases = (
				0660FFE9E94A984071A473E4 /* [CP] Check Pods Manifest.lock */,
				2742890721F22C6A002F9BDD /* Sources */,
				2742890821F22C6A002F9BDD /* Frameworks */,
				2742890921F22C6A002F9BDD /* Resources */,
				7C3C611250E489EA1FC4B846 /* [CP] Embed Pods Frameworks */,
				7F21C275AB00A624222E1E75 /* [CP] Copy Pods Resources */,
			);
			buildRules = (
			);
			dependencies = (
			);
			name = Dongqiu;
			productName = Dongqiu;
			productReference = 2742890B21F22C6A002F9BDD /* Dongqiu.app */;
			productType = "com.apple.product-type.application";
		};
/* End PBXNativeTarget section */

/* Begin PBXProject section */
		2742890321F22C69002F9BDD /* Project object */ = {
			isa = PBXProject;
			attributes = {
				LastSwiftUpdateCheck = 0920;
				LastUpgradeCheck = 0920;
				ORGANIZATIONNAME = YZH;
				TargetAttributes = {
					2742890A21F22C6A002F9BDD = {
						CreatedOnToolsVersion = 9.2;
						ProvisioningStyle = Manual;
					};
				};
			};
			buildConfigurationList = 2742890621F22C69002F9BDD /* Build configuration list for PBXProject "Dongqiu" */;
			compatibilityVersion = "Xcode 8.0";
			developmentRegion = en;
			hasScannedForEncodings = 0;
			knownRegions = (
				en,
				Base,
			);
			mainGroup = 2742890221F22C69002F9BDD;
			productRefGroup = 2742890C21F22C6A002F9BDD /* Products */;
			projectDirPath = "";
			projectRoot = "";
			targets = (
				2742890A21F22C6A002F9BDD /* Dongqiu */,
			);
		};
/* End PBXProject section */

/* Begin PBXResourcesBuildPhase section */
		2742890921F22C6A002F9BDD /* Resources */ = {
			isa = PBXResourcesBuildPhase;
			buildActionMask = 2147483647;
			files = (
				27AB0AA922CA7F3F004F216B /* default_theme.plist in Resources */,
				2742891921F22C6A002F9BDD /* LaunchScreen.storyboard in Resources */,
				2742891621F22C6A002F9BDD /* Assets.xcassets in Resources */,
				27AB0AAB22CA7F51004F216B /* night_theme.plist in Resources */,
			);
			runOnlyForDeploymentPostprocessing = 0;
		};
/* End PBXResourcesBuildPhase section */

/* Begin PBXShellScriptBuildPhase section */
		0660FFE9E94A984071A473E4 /* [CP] Check Pods Manifest.lock */ = {
			isa = PBXShellScriptBuildPhase;
			buildActionMask = 2147483647;
			files = (
			);
			inputPaths = (
				"${PODS_PODFILE_DIR_PATH}/Podfile.lock",
				"${PODS_ROOT}/Manifest.lock",
			);
			name = "[CP] Check Pods Manifest.lock";
			outputPaths = (
				"$(DERIVED_FILE_DIR)/Pods-Dongqiu-checkManifestLockResult.txt",
			);
			runOnlyForDeploymentPostprocessing = 0;
			shellPath = /bin/sh;
			shellScript = "diff \"${PODS_PODFILE_DIR_PATH}/Podfile.lock\" \"${PODS_ROOT}/Manifest.lock\" > /dev/null\nif [ $? != 0 ] ; then\n    # print error to STDERR\n    echo \"error: The sandbox is not in sync with the Podfile.lock. Run 'pod install' or update your CocoaPods installation.\" >&2\n    exit 1\nfi\n# This output is used by Xcode 'outputs' to avoid re-running this script phase.\necho \"SUCCESS\" > \"${SCRIPT_OUTPUT_FILE_0}\"\n";
			showEnvVarsInLog = 0;
		};
		7C3C611250E489EA1FC4B846 /* [CP] Embed Pods Frameworks */ = {
			isa = PBXShellScriptBuildPhase;
			buildActionMask = 2147483647;
			files = (
			);
			inputPaths = (
				"${SRCROOT}/Pods/Target Support Files/Pods-Dongqiu/Pods-Dongqiu-frameworks.sh",
				"${BUILT_PRODUCTS_DIR}/Masonry/Masonry.framework",
				"${BUILT_PRODUCTS_DIR}/SwiftTheme/SwiftTheme.framework",
			);
			name = "[CP] Embed Pods Frameworks";
			outputPaths = (
				"${TARGET_BUILD_DIR}/${FRAMEWORKS_FOLDER_PATH}/Masonry.framework",
				"${TARGET_BUILD_DIR}/${FRAMEWORKS_FOLDER_PATH}/SwiftTheme.framework",
			);
			runOnlyForDeploymentPostprocessing = 0;
			shellPath = /bin/sh;
			shellScript = "\"${SRCROOT}/Pods/Target Support Files/Pods-Dongqiu/Pods-Dongqiu-frameworks.sh\"\n";
			showEnvVarsInLog = 0;
		};
		7F21C275AB00A624222E1E75 /* [CP] Copy Pods Resources */ = {
			isa = PBXShellScriptBuildPhase;
			buildActionMask = 2147483647;
			files = (
			);
			inputPaths = (
			);
			name = "[CP] Copy Pods Resources";
			outputPaths = (
			);
			runOnlyForDeploymentPostprocessing = 0;
			shellPath = /bin/sh;
			shellScript = "\"${SRCROOT}/Pods/Target Support Files/Pods-Dongqiu/Pods-Dongqiu-resources.sh\"\n";
			showEnvVarsInLog = 0;
		};
/* End PBXShellScriptBuildPhase section */

/* Begin PBXSourcesBuildPhase section */
		2742890721F22C6A002F9BDD /* Sources */ = {
			isa = PBXSourcesBuildPhase;
			buildActionMask = 2147483647;
			files = (
				031A678022005EEF000C170B /* SLiderMenuViewController.swift in Sources */,
				2717BB1921FE1B38008EE07B /* Main.swift in Sources */,
				2742892121F22D68002F9BDD /* TabBarViewController.swift in Sources */,
				03385214221A490D00214AB2 /* Center.swift in Sources */,
				031A677622003857000C170B /* ContentViewController.swift in Sources */,
				2742892421F23053002F9BDD /* NavViewController.swift in Sources */,
				2742893021F2321D002F9BDD /* DataViewController.swift in Sources */,
				2742893521F239E3002F9BDD /* BaseViewController.swift in Sources */,
				2742890F21F22C6A002F9BDD /* AppDelegate.swift in Sources */,
				2742892A21F231E4002F9BDD /* Match.swift in Sources */,
				0333FDEE2216C4B10072526B /* Default.swift in Sources */,
				0338521A221A501F00214AB2 /* MyTabBar.swift in Sources */,
				2717BB1D21FE1C8A008EE07B /* TableViewCell.swift in Sources */,
				031A677B22004085000C170B /* ContentTableViewCell.swift in Sources */,
				2742892D21F231FF002F9BDD /* Quanzi.swift in Sources */,
				2717BB1B21FE1C81008EE07B /* scView.swift in Sources */,
				031A677D22004961000C170B /* ContentCollectionViewCell.swift in Sources */,
			);
			runOnlyForDeploymentPostprocessing = 0;
		};
/* End PBXSourcesBuildPhase section */

/* Begin PBXVariantGroup section */
		2742891721F22C6A002F9BDD /* LaunchScreen.storyboard */ = {
			isa = PBXVariantGroup;
			children = (
				2742891821F22C6A002F9BDD /* Base */,
			);
			name = LaunchScreen.storyboard;
			sourceTree = "<group>";
		};
/* End PBXVariantGroup section */

/* Begin XCBuildConfiguration section */
		2742891B21F22C6A002F9BDD /* Debug */ = {
			isa = XCBuildConfiguration;
			buildSettings = {
				ALWAYS_SEARCH_USER_PATHS = NO;
				CLANG_ANALYZER_NONNULL = YES;
				CLANG_ANALYZER_NUMBER_OBJECT_CONVERSION = YES_AGGRESSIVE;
				CLANG_CXX_LANGUAGE_STANDARD = "gnu++14";
				CLANG_CXX_LIBRARY = "libc++";
				CLANG_ENABLE_MODULES = YES;
				CLANG_ENABLE_OBJC_ARC = YES;
				CLANG_WARN_BLOCK_CAPTURE_AUTORELEASING = YES;
				CLANG_WARN_BOOL_CONVERSION = YES;
				CLANG_WARN_COMMA = YES;
				CLANG_WARN_CONSTANT_CONVERSION = YES;
				CLANG_WARN_DIRECT_OBJC_ISA_USAGE = YES_ERROR;
				CLANG_WARN_DOCUMENTATION_COMMENTS = YES;
				CLANG_WARN_EMPTY_BODY = YES;
				CLANG_WARN_ENUM_CONVERSION = YES;
				CLANG_WARN_INFINITE_RECURSION = YES;
				CLANG_WARN_INT_CONVERSION = YES;
				CLANG_WARN_NON_LITERAL_NULL_CONVERSION = YES;
				CLANG_WARN_OBJC_LITERAL_CONVERSION = YES;
				CLANG_WARN_OBJC_ROOT_CLASS = YES_ERROR;
				CLANG_WARN_RANGE_LOOP_ANALYSIS = YES;
				CLANG_WARN_STRICT_PROTOTYPES = YES;
				CLANG_WARN_SUSPICIOUS_MOVE = YES;
				CLANG_WARN_UNGUARDED_AVAILABILITY = YES_AGGRESSIVE;
				CLANG_WARN_UNREACHABLE_CODE = YES;
				CLANG_WARN__DUPLICATE_METHOD_MATCH = YES;
				CODE_SIGN_IDENTITY = "iPhone Developer";
				COPY_PHASE_STRIP = NO;
				DEBUG_INFORMATION_FORMAT = dwarf;
				ENABLE_STRICT_OBJC_MSGSEND = YES;
				ENABLE_TESTABILITY = YES;
				GCC_C_LANGUAGE_STANDARD = gnu11;
				GCC_DYNAMIC_NO_PIC = NO;
				GCC_NO_COMMON_BLOCKS = YES;
				GCC_OPTIMIZATION_LEVEL = 0;
				GCC_PREPROCESSOR_DEFINITIONS = (
					"DEBUG=1",
					"$(inherited)",
				);
				GCC_WARN_64_TO_32_BIT_CONVERSION = YES;
				GCC_WARN_ABOUT_RETURN_TYPE = YES_ERROR;
				GCC_WARN_UNDECLARED_SELECTOR = YES;
				GCC_WARN_UNINITIALIZED_AUTOS = YES_AGGRESSIVE;
				GCC_WARN_UNUSED_FUNCTION = YES;
				GCC_WARN_UNUSED_VARIABLE = YES;
				IPHONEOS_DEPLOYMENT_TARGET = 11.2;
				MTL_ENABLE_DEBUG_INFO = YES;
				ONLY_ACTIVE_ARCH = YES;
				SDKROOT = iphoneos;
				SWIFT_ACTIVE_COMPILATION_CONDITIONS = DEBUG;
				SWIFT_OPTIMIZATION_LEVEL = "-Onone";
			};
			name = Debug;
		};
		2742891C21F22C6A002F9BDD /* Release */ = {
			isa = XCBuildConfiguration;
			buildSettings = {
				ALWAYS_SEARCH_USER_PATHS = NO;
				CLANG_ANALYZER_NONNULL = YES;
				CLANG_ANALYZER_NUMBER_OBJECT_CONVERSION = YES_AGGRESSIVE;
				CLANG_CXX_LANGUAGE_STANDARD = "gnu++14";
				CLANG_CXX_LIBRARY = "libc++";
				CLANG_ENABLE_MODULES = YES;
				CLANG_ENABLE_OBJC_ARC = YES;
				CLANG_WARN_BLOCK_CAPTURE_AUTORELEASING = YES;
				CLANG_WARN_BOOL_CONVERSION = YES;
				CLANG_WARN_COMMA = YES;
				CLANG_WARN_CONSTANT_CONVERSION = YES;
				CLANG_WARN_DIRECT_OBJC_ISA_USAGE = YES_ERROR;
				CLANG_WARN_DOCUMENTATION_COMMENTS = YES;
				CLANG_WARN_EMPTY_BODY = YES;
				CLANG_WARN_ENUM_CONVERSION = YES;
				CLANG_WARN_INFINITE_RECURSION = YES;
				CLANG_WARN_INT_CONVERSION = YES;
				CLANG_WARN_NON_LITERAL_NULL_CONVERSION = YES;
				CLANG_WARN_OBJC_LITERAL_CONVERSION = YES;
				CLANG_WARN_OBJC_ROOT_CLASS = YES_ERROR;
				CLANG_WARN_RANGE_LOOP_ANALYSIS = YES;
				CLANG_WARN_STRICT_PROTOTYPES = YES;
				CLANG_WARN_SUSPICIOUS_MOVE = YES;
				CLANG_WARN_UNGUARDED_AVAILABILITY = YES_AGGRESSIVE;
				CLANG_WARN_UNREACHABLE_CODE = YES;
				CLANG_WARN__DUPLICATE_METHOD_MATCH = YES;
				CODE_SIGN_IDENTITY = "iPhone Developer";
				COPY_PHASE_STRIP = NO;
				DEBUG_INFORMATION_FORMAT = "dwarf-with-dsym";
				ENABLE_NS_ASSERTIONS = NO;
				ENABLE_STRICT_OBJC_MSGSEND = YES;
				GCC_C_LANGUAGE_STANDARD = gnu11;
				GCC_NO_COMMON_BLOCKS = YES;
				GCC_WARN_64_TO_32_BIT_CONVERSION = YES;
				GCC_WARN_ABOUT_RETURN_TYPE = YES_ERROR;
				GCC_WARN_UNDECLARED_SELECTOR = YES;
				GCC_WARN_UNINITIALIZED_AUTOS = YES_AGGRESSIVE;
				GCC_WARN_UNUSED_FUNCTION = YES;
				GCC_WARN_UNUSED_VARIABLE = YES;
				IPHONEOS_DEPLOYMENT_TARGET = 11.2;
				MTL_ENABLE_DEBUG_INFO = NO;
				SDKROOT = iphoneos;
				SWIFT_OPTIMIZATION_LEVEL = "-Owholemodule";
				VALIDATE_PRODUCT = YES;
			};
			name = Release;
		};
		2742891E21F22C6A002F9BDD /* Debug */ = {
			isa = XCBuildConfiguration;
			baseConfigurationReference = 4CBFC3099EB58A2713C89581 /* Pods-Dongqiu.debug.xcconfig */;
			buildSettings = {
				ASSETCATALOG_COMPILER_APPICON_NAME = AppIcon;
				CODE_SIGN_STYLE = Manual;
				DEVELOPMENT_TEAM = "";
				INFOPLIST_FILE = "$(SRCROOT)/Dongqiu/Other/Info.plist";
				LD_RUNPATH_SEARCH_PATHS = "$(inherited) @executable_path/Frameworks";
				PRODUCT_BUNDLE_IDENTIFIER = "-.Dongqiu";
				PRODUCT_NAME = "$(TARGET_NAME)";
				PROVISIONING_PROFILE_SPECIFIER = "";
				SWIFT_VERSION = 4.0;
				TARGETED_DEVICE_FAMILY = "1,2";
			};
			name = Debug;
		};
		2742891F21F22C6A002F9BDD /* Release */ = {
			isa = XCBuildConfiguration;
			baseConfigurationReference = A1FB0F31F5E58A4ED87884AA /* Pods-Dongqiu.release.xcconfig */;
			buildSettings = {
				ASSETCATALOG_COMPILER_APPICON_NAME = AppIcon;
				CODE_SIGN_STYLE = Manual;
				DEVELOPMENT_TEAM = "";
				INFOPLIST_FILE = "$(SRCROOT)/Dongqiu/Other/Info.plist";
				LD_RUNPATH_SEARCH_PATHS = "$(inherited) @executable_path/Frameworks";
				PRODUCT_BUNDLE_IDENTIFIER = "-.Dongqiu";
				PRODUCT_NAME = "$(TARGET_NAME)";
				PROVISIONING_PROFILE_SPECIFIER = "";
				SWIFT_VERSION = 4.0;
				TARGETED_DEVICE_FAMILY = "1,2";
			};
			name = Release;
		};
/* End XCBuildConfiguration section */

/* Begin XCConfigurationList section */
		2742890621F22C69002F9BDD /* Build configuration list for PBXProject "Dongqiu" */ = {
			isa = XCConfigurationList;
			buildConfigurations = (
				2742891B21F22C6A002F9BDD /* Debug */,
				2742891C21F22C6A002F9BDD /* Release */,
			);
			defaultConfigurationIsVisible = 0;
			defaultConfigurationName = Release;
		};
		2742891D21F22C6A002F9BDD /* Build configuration list for PBXNativeTarget "Dongqiu" */ = {
			isa = XCConfigurationList;
			buildConfigurations = (
				2742891E21F22C6A002F9BDD /* Debug */,
				2742891F21F22C6A002F9BDD /* Release */,
			);
			defaultConfigurationIsVisible = 0;
			defaultConfigurationName = Release;
		};
/* End XCConfigurationList section */
	};
	rootObject = 2742890321F22C69002F9BDD /* Project object */;
}
